buf.build/gen/go/antinvestor/audit/protocolbuffers/go v1.36.12-20260912192320-2865cc687b65.2 h1:vGz1rdC+WuqBH0JJq6AgylDEomeAYHq+ZnqBwyXTu8E=
buf.build/gen/go/antinvestor/audit/protocolbuffers/go v1.36.12-20260912192320-2865cc687b65.2/go.mod h1:2M48o5NSbpBfSLoYKEq1ClTK5BNYBI294fRWfPGq7vI=
buf.build/gen/go/antinvestor/common/protocolbuffers/go v1.36.12-20260509050709-3f270876dbf3.2 h1:Rzgdz5lQyym2xREfmEpybYF3U7W29Rhr64YBRv1GTTQ=
buf.build/gen/go/antinvestor/common/protocolbuffers/go v1.36.12-20260509050709-3f270876dbf3.2/go.mod h1:lW0aq7sAW/QoJH7VBLMaadXYY6xFyIVW7dy4olw654M=
buf.build/gen/go/bufbuild/protovalidate/protocolbuffers/go v1.36.12-20260825204119-511051f7f437.2 h1:NbnlmV26O7oZ1iM5tsCI+GEx+3ZSdrhvnKQ/eWSrLiY=
buf.build/gen/go/bufbuild/protovalidate/protocolbuffers/go v1.36.12-20260825204119-511051f7f437.2/go.mod h1:TCt1lluMFnctISJXvkIQ4x3ABrPuUKCWKyjKdkJNBpw=
buf.build/gen/go/gnostic/gnostic/protocolbuffers/go v1.36.12-20230414000709-087bc8072ce4.2 h1:ZXEI+qE54FRhRcNAJOpvwU6CLLTgF4Etr87l3qECkcI=
buf.build/gen/go/gnostic/gnostic/protocolbuffers/go v1.36.12-20230414000709-087bc8072ce4.2/go.mod h1:Y6uGzulgNTMSJafTYzhV2xKPPiUnSoE1AStyVM9mBbI=
github.com/davecgh/go-spew v1.1.1 h1:vj9j/u1bqnvCEfJOwUhtlOARqs3+rkHYY13jYWTU97c=
github.com/davecgh/go-spew v1.1.1/go.mod h1:J7Y8YcW2NihsgmVo/mv3lAwl/skON4iLHjSsI+c5H38=
github.com/google/go-cmp v0.7.0 h1:wk8382ETsv4JYUZwIsn6YpYiWiBsYLSJiTsyBybVuN8=
github.com/google/go-cmp v0.7.0/go.mod h1:pXiqmnSA92OHEEa9HXL2W4E7lf9JzCmGVUdgjX3N/iU=
github.com/pmezard/go-difflib v1.0.0 h1:4DBwDE0NGyQoBHbLQYPwSUPoCMWR5BEzIk/f1lZbAQM=
github.com/pmezard/go-difflib v1.0.0/go.mod h1:iKH77koFhYxTK1pcRnkKkqfTogsbg7gZNVY4sRDYZ/4=
github.com/stretchr/testify v1.11.1 h1:7s2iGBzp5EwR7/aIZr8ao5+dra3wiQyKjjFuvgVKu7U=
github.com/stretchr/testify v1.11.1/go.mod h1:wZwfW3scLgRK+23gO65QZefKpKQRnfz6sD981Nm4B6U=
google.golang.org/protobuf v1.36.12 h1:pJOKDDOyeXErUroCihFAd5LQuwXBSpVnKGrj5o/fwxc=
google.golang.org/protobuf v1.36.12/go.mod h1:HTf+CrKn2C3g5S8VImy6tdcUvCska2kB7j23XfzDpco=
gopkg.in/check.v1 v0.0.0-20161208181325-20d25e280405 h1:yhCVgyC4o1eVCa2tZl7eS0r+SDo693bJlVdllGtEeKM=
gopkg.in/check.v1 v0.0.0-20161208181325-20d25e280405/go.mod h1:Co6ibVJAznAaIkqp8huTwlJQCZ016jof/cbN4VW5Yz0=
gopkg.in/yaml.v3 v3.0.1 h1:fxVm/GzAzEWqLHuvctI91KS9hhNmmWOoWu0XTYJS7CA=
gopkg.in/yaml.v3 v3.0.1/go.mod h1:K4uyk7z7BCEPqu6E+C64Yfv1cQ7kz7rIZviUmN+EgEM=
